
Microsoft Visual Studio Solution File, Format Version 12.00
# Visual Studio Version 16
VisualStudioVersion = 16.0.31321.278
MinimumVisualStudioVersion = 10.0.40219.1
Project("{9A19103F-16F7-4668-BE54-9A1E7A4F7556}") = "Web API", "Web API\Web API.csproj", "{442C4217-330A-40EF-A0ED-BF2D6A10E904}"
EndProject
Global
	GlobalSection(SolutionConfigurationPlatforms) = preSolution
		Debug|Any CPU = Debug|Any CPU
		Release|Any CPU = Release|Any CPU
	EndGlobalSection
	GlobalSection(ProjectConfigurationPlatforms) = postSolution
		{442C4217-330A-40EF-A0ED-BF2D6A10E904}.Debug|Any CPU.ActiveCfg = Debug|Any CPU
		{442C4217-330A-40EF-A0ED-BF2D6A10E904}.Debug|Any CPU.Build.0 = Debug|Any CPU
		{442C4217-330A-40EF-A0ED-BF2D6A10E904}.Release|Any CPU.ActiveCfg = Release|Any CPU
		{442C4217-330A-40EF-A0ED-BF2D6A10E904}.Release|Any CPU.Build.0 = Release|Any CPU
	EndGlobalSection
	GlobalSection(SolutionProperties) = preSolution
		HideSolutionNode = FALSE
	EndGlobalSection
	GlobalSection(ExtensibilityGlobals) = postSolution
		SolutionGuid = {93315566-707E-44BF-A050-9217EE9603ED}
	EndGlobalSection
EndGlobal
